
Microsoft Visual Studio Solution File, Format Version 12.00
# Visual Studio 15
VisualStudioVersion = 15.0.28010.2036
MinimumVisualStudioVersion = 10.0.40219.1
Project("{8BC9CEB8-8B4A-11D0-8D11-00A0C91BC942}") = "Sandbox", "Sandbox\Sandbox.vcxproj", "{5F067065-041F-41AD-BEF0-F3A8DC6CB347}"
EndProject
Project("{8BC9CEB8-8B4A-11D0-8D11-00A0C91BC942}") = "BriocheEngine", "BriocheEngine\BriocheEngine.vcxproj", "{5CD6AC36-5F01-4B9A-8E11-30AE986150AA}"
EndProject
Global
	GlobalSection(SolutionConfigurationPlatforms) = preSolution
		Debug|x64 = Debug|x64
		Release|x64 = Release|x64
	EndGlobalSection
	GlobalSection(ProjectConfigurationPlatforms) = postSolution
		{5CD6AC36-5F01-4B9A-8E11-30AE986150AA}.Debug|x64.ActiveCfg = Debug|x64
		{5CD6AC36-5F01-4B9A-8E11-30AE986150AA}.Debug|x64.Build.0 = Debug|x64
		{5CD6AC36-5F01-4B9A-8E11-30AE986150AA}.Release|x64.ActiveCfg = Release|x64
		{5CD6AC36-5F01-4B9A-8E11-30AE986150AA}.Release|x64.Build.0 = Release|x64
		{5F067065-041F-41AD-BEF0-F3A8DC6CB347}.Debug|x64.ActiveCfg = Debug|x64
		{5F067065-041F-41AD-BEF0-F3A8DC6CB347}.Debug|x64.Build.0 = Debug|x64
		{5F067065-041F-41AD-BEF0-F3A8DC6CB347}.Release|x64.ActiveCfg = Release|x64
		{5F067065-041F-41AD-BEF0-F3A8DC6CB347}.Release|x64.Build.0 = Release|x64
	EndGlobalSection
	GlobalSection(SolutionProperties) = preSolution
		HideSolutionNode = FALSE
	EndGlobalSection
	GlobalSection(ExtensibilityGlobals) = postSolution
		SolutionGuid = {355AC07B-6BB9-42D4-AFA7-130FA64942B8}
	EndGlobalSection
EndGlobal
