<?xml version="1.0" encoding="utf-8"?>
<Project ToolsVersion="4.0" xmlns="http://schemas.microsoft.com/developer/msbuild/2003">
  <ItemGroup>
    <Filter Include="Brioche">
      <UniqueIdentifier>{C1FCD9ED-2DDC-5889-36F4-E35FA252BFEA}</UniqueIdentifier>
    </Filter>
    <Filter Include="Brioche\Events">
      <UniqueIdentifier>{85A55D76-7173-517C-5A07-C2A246742DE1}</UniqueIdentifier>
    </Filter>
  </ItemGroup>
  <ItemGroup>
    <ClInclude Include="src\Brioche.h" />
    <ClInclude Include="src\Brioche\Application.h">
      <Filter>Brioche</Filter>
    </ClInclude>
    <ClInclude Include="src\Brioche\Core.h">
      <Filter>Brioche</Filter>
    </ClInclude>
    <ClInclude Include="src\Brioche\EntryPoint.h">
      <Filter>Brioche</Filter>
    </ClInclude>
    <ClInclude Include="src\Brioche\Events\ApplicationEvent.h">
      <Filter>Brioche\Events</Filter>
    </ClInclude>
    <ClInclude Include="src\Brioche\Events\Event.h">
      <Filter>Brioche\Events</Filter>
    </ClInclude>
    <ClInclude Include="src\Brioche\Events\KeyEvent.h">
      <Filter>Brioche\Events</Filter>
    </ClInclude>
    <ClInclude Include="src\Brioche\Events\MouseEvent.h">
      <Filter>Brioche\Events</Filter>
    </ClInclude>
    <ClInclude Include="src\Brioche\Log.h">
      <Filter>Brioche</Filter>
    </ClInclude>
  </ItemGroup>
  <ItemGroup>
    <ClCompile Include="src\Brioche\Application.cpp">
      <Filter>Brioche</Filter>
    </ClCompile>
    <ClCompile Include="src\Brioche\Log.cpp">
      <Filter>Brioche</Filter>
    </ClCompile>
  </ItemGroup>
</Project>